
Microsoft Visual Studio Solution File, Format Version 12.00
# Visual Studio Version 17
VisualStudioVersion = 17.4.33213.308
MinimumVisualStudioVersion = 10.0.40219.1
Project("{FAE04EC0-301F-11D3-BF4B-00C04F79EFBC}") = "SingletonPattern", "DesignPatterns\SingletonPattern.csproj", "{E6E2360A-43E1-4C36-BB5F-2AF18CAD0972}"
EndProject
Project("{9A19103F-16F7-4668-BE54-9A1E7A4F7556}") = "FactoryPattern", "FactoryPattern\FactoryPattern.csproj", "{A4E6B9E0-B229-4885-9DBC-6EA1595B14C3}"
EndProject
Project("{9A19103F-16F7-4668-BE54-9A1E7A4F7556}") = "AbstractFactoryPattern", "AbstractFactoryPattern\AbstractFactoryPattern.csproj", "{3F73096D-8B06-4C32-88CF-92A48CEBF05D}"
EndProject
Project("{9A19103F-16F7-4668-BE54-9A1E7A4F7556}") = "DecoratorPattern", "DecoratorPattern\DecoratorPattern.csproj", "{2F0D13B7-4BA9-4F29-A8AF-A291099BFB93}"
EndProject
Project("{FAE04EC0-301F-11D3-BF4B-00C04F79EFBC}") = "StrategyPattern", "StrategyPattern\StrategyPattern.csproj", "{84E447F4-4B14-46D1-8DE0-A244256A4412}"
EndProject
Project("{FAE04EC0-301F-11D3-BF4B-00C04F79EFBC}") = "ObserverPattern", "ObserverPattern\ObserverPattern.csproj", "{95F514A7-C74F-4DC2-A0B3-952AB59AE727}"
EndProject
Global
	GlobalSection(SolutionConfigurationPlatforms) = preSolution
		Debug|Any CPU = Debug|Any CPU
		Release|Any CPU = Release|Any CPU
	EndGlobalSection
	GlobalSection(ProjectConfigurationPlatforms) = postSolution
		{E6E2360A-43E1-4C36-BB5F-2AF18CAD0972}.Debug|Any CPU.ActiveCfg = Debug|Any CPU
		{E6E2360A-43E1-4C36-BB5F-2AF18CAD0972}.Debug|Any CPU.Build.0 = Debug|Any CPU
		{E6E2360A-43E1-4C36-BB5F-2AF18CAD0972}.Release|Any CPU.ActiveCfg = Release|Any CPU
		{E6E2360A-43E1-4C36-BB5F-2AF18CAD0972}.Release|Any CPU.Build.0 = Release|Any CPU
		{A4E6B9E0-B229-4885-9DBC-6EA1595B14C3}.Debug|Any CPU.ActiveCfg = Debug|Any CPU
		{A4E6B9E0-B229-4885-9DBC-6EA1595B14C3}.Debug|Any CPU.Build.0 = Debug|Any CPU
		{A4E6B9E0-B229-4885-9DBC-6EA1595B14C3}.Release|Any CPU.ActiveCfg = Release|Any CPU
		{A4E6B9E0-B229-4885-9DBC-6EA1595B14C3}.Release|Any CPU.Build.0 = Release|Any CPU
		{3F73096D-8B06-4C32-88CF-92A48CEBF05D}.Debug|Any CPU.ActiveCfg = Debug|Any CPU
		{3F73096D-8B06-4C32-88CF-92A48CEBF05D}.Debug|Any CPU.Build.0 = Debug|Any CPU
		{3F73096D-8B06-4C32-88CF-92A48CEBF05D}.Release|Any CPU.ActiveCfg = Release|Any CPU
		{3F73096D-8B06-4C32-88CF-92A48CEBF05D}.Release|Any CPU.Build.0 = Release|Any CPU
		{2F0D13B7-4BA9-4F29-A8AF-A291099BFB93}.Debug|Any CPU.ActiveCfg = Debug|Any CPU
		{2F0D13B7-4BA9-4F29-A8AF-A291099BFB93}.Debug|Any CPU.Build.0 = Debug|Any CPU
		{2F0D13B7-4BA9-4F29-A8AF-A291099BFB93}.Release|Any CPU.ActiveCfg = Release|Any CPU
		{2F0D13B7-4BA9-4F29-A8AF-A291099BFB93}.Release|Any CPU.Build.0 = Release|Any CPU
		{84E447F4-4B14-46D1-8DE0-A244256A4412}.Debug|Any CPU.ActiveCfg = Debug|Any CPU
		{84E447F4-4B14-46D1-8DE0-A244256A4412}.Debug|Any CPU.Build.0 = Debug|Any CPU
		{84E447F4-4B14-46D1-8DE0-A244256A4412}.Release|Any CPU.ActiveCfg = Release|Any CPU
		{84E447F4-4B14-46D1-8DE0-A244256A4412}.Release|Any CPU.Build.0 = Release|Any CPU
		{95F514A7-C74F-4DC2-A0B3-952AB59AE727}.Debug|Any CPU.ActiveCfg = Debug|Any CPU
		{95F514A7-C74F-4DC2-A0B3-952AB59AE727}.Debug|Any CPU.Build.0 = Debug|Any CPU
		{95F514A7-C74F-4DC2-A0B3-952AB59AE727}.Release|Any CPU.ActiveCfg = Release|Any CPU
		{95F514A7-C74F-4DC2-A0B3-952AB59AE727}.Release|Any CPU.Build.0 = Release|Any CPU
	EndGlobalSection
	GlobalSection(SolutionProperties) = preSolution
		HideSolutionNode = FALSE
	EndGlobalSection
	GlobalSection(ExtensibilityGlobals) = postSolution
		SolutionGuid = {127693E2-8C60-44B9-8EEF-ECD3891FCDB4}
	EndGlobalSection
EndGlobal
